
Microsoft Visual Studio Solution File, Format Version 12.00
# Visual Studio Version 17
VisualStudioVersion = 17.2.32526.322
MinimumVisualStudioVersion = 10.0.40219.1
Project("{FAE04EC0-301F-11D3-BF4B-00C04F79EFBC}") = "P2_P2_BrandonSalazar_1111322", "P2_P2_BrandonSalazar_1111322.csproj", "{EB5F4CE0-47EB-4427-8638-6248493FDCE7}"
EndProject
Global
	GlobalSection(SolutionConfigurationPlatforms) = preSolution
		Debug|Any CPU = Debug|Any CPU
		Release|Any CPU = Release|Any CPU
	EndGlobalSection
	GlobalSection(ProjectConfigurationPlatforms) = postSolution
		{EB5F4CE0-47EB-4427-8638-6248493FDCE7}.Debug|Any CPU.ActiveCfg = Debug|Any CPU
		{EB5F4CE0-47EB-4427-8638-6248493FDCE7}.Debug|Any CPU.Build.0 = Debug|Any CPU
		{EB5F4CE0-47EB-4427-8638-6248493FDCE7}.Release|Any CPU.ActiveCfg = Release|Any CPU
		{EB5F4CE0-47EB-4427-8638-6248493FDCE7}.Release|Any CPU.Build.0 = Release|Any CPU
	EndGlobalSection
	GlobalSection(SolutionProperties) = preSolution
		HideSolutionNode = FALSE
	EndGlobalSection
	GlobalSection(ExtensibilityGlobals) = postSolution
		SolutionGuid = {0AD909F3-22A0-4440-ABFA-CF26DD1CC2E4}
	EndGlobalSection
EndGlobal
