
Microsoft Visual Studio Solution File, Format Version 12.00
# Visual Studio Version 17
VisualStudioVersion = 17.2.32526.322
MinimumVisualStudioVersion = 10.0.40219.1
Project("{FAE04EC0-301F-11D3-BF4B-00C04F79EFBC}") = "T5 Otra version", "T5 Otra version.csproj", "{B1D6CD75-1375-4719-BF7A-6420E43253B0}"
EndProject
Global
	GlobalSection(SolutionConfigurationPlatforms) = preSolution
		Debug|Any CPU = Debug|Any CPU
		Release|Any CPU = Release|Any CPU
	EndGlobalSection
	GlobalSection(ProjectConfigurationPlatforms) = postSolution
		{B1D6CD75-1375-4719-BF7A-6420E43253B0}.Debug|Any CPU.ActiveCfg = Debug|Any CPU
		{B1D6CD75-1375-4719-BF7A-6420E43253B0}.Debug|Any CPU.Build.0 = Debug|Any CPU
		{B1D6CD75-1375-4719-BF7A-6420E43253B0}.Release|Any CPU.ActiveCfg = Release|Any CPU
		{B1D6CD75-1375-4719-BF7A-6420E43253B0}.Release|Any CPU.Build.0 = Release|Any CPU
	EndGlobalSection
	GlobalSection(SolutionProperties) = preSolution
		HideSolutionNode = FALSE
	EndGlobalSection
	GlobalSection(ExtensibilityGlobals) = postSolution
		SolutionGuid = {8D9CFE5B-F1F6-45A7-ACF9-01970925223D}
	EndGlobalSection
EndGlobal
