
Microsoft Visual Studio Solution File, Format Version 12.00
# Visual Studio Version 17
VisualStudioVersion = 17.2.32526.322
MinimumVisualStudioVersion = 10.0.40219.1
Project("{FAE04EC0-301F-11D3-BF4B-00C04F79EFBC}") = "L8_1111322_P2", "L8_1111322_P2.csproj", "{B4A91601-246A-4008-BA50-2CE4AD06BFEF}"
EndProject
Global
	GlobalSection(SolutionConfigurationPlatforms) = preSolution
		Debug|Any CPU = Debug|Any CPU
		Release|Any CPU = Release|Any CPU
	EndGlobalSection
	GlobalSection(ProjectConfigurationPlatforms) = postSolution
		{B4A91601-246A-4008-BA50-2CE4AD06BFEF}.Debug|Any CPU.ActiveCfg = Debug|Any CPU
		{B4A91601-246A-4008-BA50-2CE4AD06BFEF}.Debug|Any CPU.Build.0 = Debug|Any CPU
		{B4A91601-246A-4008-BA50-2CE4AD06BFEF}.Release|Any CPU.ActiveCfg = Release|Any CPU
		{B4A91601-246A-4008-BA50-2CE4AD06BFEF}.Release|Any CPU.Build.0 = Release|Any CPU
	EndGlobalSection
	GlobalSection(SolutionProperties) = preSolution
		HideSolutionNode = FALSE
	EndGlobalSection
	GlobalSection(ExtensibilityGlobals) = postSolution
		SolutionGuid = {5C7B7F45-B4AD-4D00-9219-E092650B5E62}
	EndGlobalSection
EndGlobal
