
Microsoft Visual Studio Solution File, Format Version 12.00
# Visual Studio Version 17
VisualStudioVersion = 17.2.32526.322
MinimumVisualStudioVersion = 10.0.40219.1
Project("{FAE04EC0-301F-11D3-BF4B-00C04F79EFBC}") = "Lab8_2_1111322", "Lab8_2_1111322.csproj", "{7B63C238-4270-4BA4-B61E-A19187B88681}"
EndProject
Global
	GlobalSection(SolutionConfigurationPlatforms) = preSolution
		Debug|Any CPU = Debug|Any CPU
		Release|Any CPU = Release|Any CPU
	EndGlobalSection
	GlobalSection(ProjectConfigurationPlatforms) = postSolution
		{7B63C238-4270-4BA4-B61E-A19187B88681}.Debug|Any CPU.ActiveCfg = Debug|Any CPU
		{7B63C238-4270-4BA4-B61E-A19187B88681}.Debug|Any CPU.Build.0 = Debug|Any CPU
		{7B63C238-4270-4BA4-B61E-A19187B88681}.Release|Any CPU.ActiveCfg = Release|Any CPU
		{7B63C238-4270-4BA4-B61E-A19187B88681}.Release|Any CPU.Build.0 = Release|Any CPU
	EndGlobalSection
	GlobalSection(SolutionProperties) = preSolution
		HideSolutionNode = FALSE
	EndGlobalSection
	GlobalSection(ExtensibilityGlobals) = postSolution
		SolutionGuid = {14BDB091-6FB7-457B-875F-A4D2FE761439}
	EndGlobalSection
EndGlobal
