
Microsoft Visual Studio Solution File, Format Version 12.00
# Visual Studio Version 17
VisualStudioVersion = 17.2.32526.322
MinimumVisualStudioVersion = 10.0.40219.1
Project("{FAE04EC0-301F-11D3-BF4B-00C04F79EFBC}") = "L8_BrandonSalazar_1111322", "L8_BrandonSalazar_1111322.csproj", "{871109A2-2871-480A-9BBB-82E157D61CFC}"
EndProject
Global
	GlobalSection(SolutionConfigurationPlatforms) = preSolution
		Debug|Any CPU = Debug|Any CPU
		Release|Any CPU = Release|Any CPU
	EndGlobalSection
	GlobalSection(ProjectConfigurationPlatforms) = postSolution
		{871109A2-2871-480A-9BBB-82E157D61CFC}.Debug|Any CPU.ActiveCfg = Debug|Any CPU
		{871109A2-2871-480A-9BBB-82E157D61CFC}.Debug|Any CPU.Build.0 = Debug|Any CPU
		{871109A2-2871-480A-9BBB-82E157D61CFC}.Release|Any CPU.ActiveCfg = Release|Any CPU
		{871109A2-2871-480A-9BBB-82E157D61CFC}.Release|Any CPU.Build.0 = Release|Any CPU
	EndGlobalSection
	GlobalSection(SolutionProperties) = preSolution
		HideSolutionNode = FALSE
	EndGlobalSection
	GlobalSection(ExtensibilityGlobals) = postSolution
		SolutionGuid = {7BEE1E77-18BD-4223-BE20-525B0B40541B}
	EndGlobalSection
EndGlobal
